
Microsoft Visual Studio Solution File, Format Version 12.00
# Visual Studio 15
VisualStudioVersion = 15.0.27703.2000
MinimumVisualStudioVersion = 10.0.40219.1
Project("{2150E333-8FDC-42A3-9474-1A3956D46DE8}") = "Solution Items", "Solution Items", "{E2B2CC04-0C94-4B14-99B3-90C71FD506F7}"
	ProjectSection(SolutionItems) = preProject
		..\README.md = ..\README.md
	EndProjectSection
EndProject
Project("{9A19103F-16F7-4668-BE54-9A1E7A4F7556}") = "Common", "Common\Common.csproj", "{36A23085-8A30-4BFF-90BE-F8529C9A77A5}"
EndProject
Project("{FAE04EC0-301F-11D3-BF4B-00C04F79EFBC}") = "LeetCode", "LeetCode\LeetCode.csproj", "{2E2F499D-B3CE-4710-A0AA-1E63ACBE19D0}"
EndProject
Project("{FAE04EC0-301F-11D3-BF4B-00C04F79EFBC}") = "LeetCode.Tests", "LeetCode.Tests\LeetCode.Tests.csproj", "{EDC3E76C-6AE5-4EBE-9073-83F4D8170E5E}"
EndProject
Global
	GlobalSection(SolutionConfigurationPlatforms) = preSolution
		Debug|Any CPU = Debug|Any CPU
		Release|Any CPU = Release|Any CPU
	EndGlobalSection
	GlobalSection(ProjectConfigurationPlatforms) = postSolution
		{36A23085-8A30-4BFF-90BE-F8529C9A77A5}.Debug|Any CPU.ActiveCfg = Debug|Any CPU
		{36A23085-8A30-4BFF-90BE-F8529C9A77A5}.Debug|Any CPU.Build.0 = Debug|Any CPU
		{36A23085-8A30-4BFF-90BE-F8529C9A77A5}.Release|Any CPU.ActiveCfg = Release|Any CPU
		{36A23085-8A30-4BFF-90BE-F8529C9A77A5}.Release|Any CPU.Build.0 = Release|Any CPU
		{2E2F499D-B3CE-4710-A0AA-1E63ACBE19D0}.Debug|Any CPU.ActiveCfg = Debug|Any CPU
		{2E2F499D-B3CE-4710-A0AA-1E63ACBE19D0}.Debug|Any CPU.Build.0 = Debug|Any CPU
		{2E2F499D-B3CE-4710-A0AA-1E63ACBE19D0}.Release|Any CPU.ActiveCfg = Release|Any CPU
		{2E2F499D-B3CE-4710-A0AA-1E63ACBE19D0}.Release|Any CPU.Build.0 = Release|Any CPU
		{EDC3E76C-6AE5-4EBE-9073-83F4D8170E5E}.Debug|Any CPU.ActiveCfg = Debug|Any CPU
		{EDC3E76C-6AE5-4EBE-9073-83F4D8170E5E}.Debug|Any CPU.Build.0 = Debug|Any CPU
		{EDC3E76C-6AE5-4EBE-9073-83F4D8170E5E}.Release|Any CPU.ActiveCfg = Release|Any CPU
		{EDC3E76C-6AE5-4EBE-9073-83F4D8170E5E}.Release|Any CPU.Build.0 = Release|Any CPU
	EndGlobalSection
	GlobalSection(SolutionProperties) = preSolution
		HideSolutionNode = FALSE
	EndGlobalSection
	GlobalSection(ExtensibilityGlobals) = postSolution
		SolutionGuid = {B17DA87C-BFE4-444A-9BDC-BB83B2D7D3CC}
	EndGlobalSection
EndGlobal
